<?xml version="1.0" encoding="UTF-8"?>
<!DOCTYPE plist PUBLIC "-//Apple//DTD PLIST 1.0//EN" "http://www.apple.com/DTDs/PropertyList-1.0.dtd">
<plist version="1.0">
<dict>
	<key>archiveVersion</key>
	<string>1</string>
	<key>classes</key>
	<dict/>
	<key>objectVersion</key>
	<string>46</string>
	<key>objects</key>
	<dict>
		<key>03DE02B95183C98D93830241</key>
		<dict>
			<key>fileRef</key>
			<string>BC5B598671519CB867635975</string>
			<key>isa</key>
			<string>PBXBuildFile</string>
		</dict>
		<key>41130DC35DB849ADA300CE35</key>
		<dict>
			<key>buildActionMask</key>
			<string>2147483647</string>
			<key>files</key>
			<array/>
			<key>inputPaths</key>
			<array/>
			<key>isa</key>
			<string>PBXShellScriptBuildPhase</string>
			<key>name</key>
			<string>Embed Pods Frameworks</string>
			<key>outputPaths</key>
			<array/>
			<key>runOnlyForDeploymentPostprocessing</key>
			<string>0</string>
			<key>shellPath</key>
			<string>/bin/sh</string>
			<key>shellScript</key>
			<string>"${SRCROOT}/Pods/Target Support Files/Pods-TestApplication/Pods-TestApplication-frameworks.sh"
</string>
			<key>showEnvVarsInLog</key>
			<string>0</string>
		</dict>
		<key>62AF914A7C02239C916B7D80</key>
		<dict>
			<key>buildActionMask</key>
			<string>2147483647</string>
			<key>files</key>
			<array/>
			<key>inputPaths</key>
			<array/>
			<key>isa</key>
			<string>PBXShellScriptBuildPhase</string>
			<key>name</key>
			<string>Check Pods Manifest.lock</string>
			<key>outputPaths</key>
			<array/>
			<key>runOnlyForDeploymentPostprocessing</key>
			<string>0</string>
			<key>shellPath</key>
			<string>/bin/sh</string>
			<key>shellScript</key>
			<string>diff "${PODS_ROOT}/../Podfile.lock" "${PODS_ROOT}/Manifest.lock" &gt; /dev/null
if [[ $? != 0 ]] ; then
    cat &lt;&lt; EOM
error: The sandbox is not in sync with the Podfile.lock. Run 'pod install' or update your CocoaPods installation.
EOM
    exit 1
fi
</string>
			<key>showEnvVarsInLog</key>
			<string>0</string>
		</dict>
		<key>84F1F6B2B3579189CE980845</key>
		<dict>
			<key>buildActionMask</key>
			<string>2147483647</string>
			<key>files</key>
			<array/>
			<key>inputPaths</key>
			<array/>
			<key>isa</key>
			<string>PBXShellScriptBuildPhase</string>
			<key>name</key>
			<string>Copy Pods Resources</string>
			<key>outputPaths</key>
			<array/>
			<key>runOnlyForDeploymentPostprocessing</key>
			<string>0</string>
			<key>shellPath</key>
			<string>/bin/sh</string>
			<key>shellScript</key>
			<string>"${SRCROOT}/Pods/Target Support Files/Pods-TestApplication/Pods-TestApplication-resources.sh"
</string>
			<key>showEnvVarsInLog</key>
			<string>0</string>
		</dict>
		<key>86638BE5E2AACD143001D5C4</key>
		<dict>
			<key>includeInIndex</key>
			<string>1</string>
			<key>isa</key>
			<string>PBXFileReference</string>
			<key>lastKnownFileType</key>
			<string>text.xcconfig</string>
			<key>name</key>
			<string>Pods-TestApplication.release.xcconfig</string>
			<key>path</key>
			<string>Pods/Target Support Files/Pods-TestApplication/Pods-TestApplication.release.xcconfig</string>
			<key>sourceTree</key>
			<string>&lt;group&gt;</string>
		</dict>
		<key>8B001DCD1CF1ED97001EB1C0</key>
		<dict>
			<key>children</key>
			<array>
				<string>8BA93DF21CE4E3DA00E55BA7</string>
				<string>8BF7FFDE1CE58B4E0002C5F1</string>
				<string>8BF7FFE01CE5C9930002C5F1</string>
				<string>8BA93DF41CE4E8B400E55BA7</string>
			</array>
			<key>isa</key>
			<string>PBXGroup</string>
			<key>path</key>
			<string>PersonDetail</string>
			<key>sourceTree</key>
			<string>&lt;group&gt;</string>
		</dict>
		<key>8B001DCE1CF203AA001EB1C0</key>
		<dict>
			<key>fileEncoding</key>
			<string>4</string>
			<key>isa</key>
			<string>PBXFileReference</string>
			<key>lastKnownFileType</key>
			<string>sourcecode.swift</string>
			<key>path</key>
			<string>UIImageView+setImage.swift</string>
			<key>sourceTree</key>
			<string>&lt;group&gt;</string>
		</dict>
		<key>8B001DCF1CF203AA001EB1C0</key>
		<dict>
			<key>fileRef</key>
			<string>8B001DCE1CF203AA001EB1C0</string>
			<key>isa</key>
			<string>PBXBuildFile</string>
		</dict>
		<key>8B067D1B1CE71C9100CC9F5F</key>
		<dict>
			<key>fileEncoding</key>
			<string>4</string>
			<key>isa</key>
			<string>PBXFileReference</string>
			<key>lastKnownFileType</key>
			<string>sourcecode.swift</string>
			<key>path</key>
			<string>CoreDataStack+save.swift</string>
			<key>sourceTree</key>
			<string>&lt;group&gt;</string>
		</dict>
		<key>8B067D1C1CE71C9100CC9F5F</key>
		<dict>
			<key>fileRef</key>
			<string>8B067D1B1CE71C9100CC9F5F</string>
			<key>isa</key>
			<string>PBXBuildFile</string>
		</dict>
		<key>8B067D1D1CE71F8A00CC9F5F</key>
		<dict>
			<key>fileEncoding</key>
			<string>4</string>
			<key>isa</key>
			<string>PBXFileReference</string>
			<key>lastKnownFileType</key>
			<string>sourcecode.swift</string>
			<key>path</key>
			<string>CoreDataStack+createEntityByName.swift</string>
			<key>sourceTree</key>
			<string>&lt;group&gt;</string>
		</dict>
		<key>8B067D1E1CE71F8A00CC9F5F</key>
		<dict>
			<key>fileRef</key>
			<string>8B067D1D1CE71F8A00CC9F5F</string>
			<key>isa</key>
			<string>PBXBuildFile</string>
		</dict>
		<key>8B0951711D06D65600F67C9A</key>
		<dict>
			<key>fileEncoding</key>
			<string>4</string>
			<key>isa</key>
			<string>PBXFileReference</string>
			<key>lastKnownFileType</key>
			<string>sourcecode.swift</string>
			<key>path</key>
			<string>Manager.swift</string>
			<key>sourceTree</key>
			<string>&lt;group&gt;</string>
		</dict>
		<key>8B0951731D06D65600F67C9A</key>
		<dict>
			<key>fileRef</key>
			<string>8B0951711D06D65600F67C9A</string>
			<key>isa</key>
			<string>PBXBuildFile</string>
		</dict>
		<key>8B35BD3C1D07CA5D006B028D</key>
		<dict>
			<key>fileEncoding</key>
			<string>4</string>
			<key>isa</key>
			<string>PBXFileReference</string>
			<key>lastKnownFileType</key>
			<string>sourcecode.swift</string>
			<key>path</key>
			<string>PersonTypeRecognizer.swift</string>
			<key>sourceTree</key>
			<string>&lt;group&gt;</string>
		</dict>
		<key>8B35BD3D1D07CA5D006B028D</key>
		<dict>
			<key>fileRef</key>
			<string>8B35BD3C1D07CA5D006B028D</string>
			<key>isa</key>
			<string>PBXBuildFile</string>
		</dict>
		<key>8B3613701D090A2700B4BFE4</key>
		<dict>
			<key>fileEncoding</key>
			<string>4</string>
			<key>isa</key>
			<string>PBXFileReference</string>
			<key>lastKnownFileType</key>
			<string>sourcecode.swift</string>
			<key>path</key>
			<string>PersonAttributeDescription.swift</string>
			<key>sourceTree</key>
			<string>&lt;group&gt;</string>
		</dict>
		<key>8B3613711D090A2700B4BFE4</key>
		<dict>
			<key>fileRef</key>
			<string>8B3613701D090A2700B4BFE4</string>
			<key>isa</key>
			<string>PBXBuildFile</string>
		</dict>
		<key>8B3961E61CEE0FCA00EDC4C0</key>
		<dict>
			<key>fileEncoding</key>
			<string>4</string>
			<key>isa</key>
			<string>PBXFileReference</string>
			<key>lastKnownFileType</key>
			<string>sourcecode.swift</string>
			<key>path</key>
			<string>GalleryViewController.swift</string>
			<key>sourceTree</key>
			<string>&lt;group&gt;</string>
		</dict>
		<key>8B3961E71CEE0FCA00EDC4C0</key>
		<dict>
			<key>fileRef</key>
			<string>8B3961E61CEE0FCA00EDC4C0</string>
			<key>isa</key>
			<string>PBXBuildFile</string>
		</dict>
		<key>8B396CFC1D0E8A820082ED2F</key>
		<dict>
			<key>isa</key>
			<string>PBXFileReference</string>
			<key>lastKnownFileType</key>
			<string>folder</string>
			<key>path</key>
			<string>Images</string>
			<key>sourceTree</key>
			<string>&lt;group&gt;</string>
		</dict>
		<key>8B396CFD1D0E8A820082ED2F</key>
		<dict>
			<key>fileRef</key>
			<string>8B396CFC1D0E8A820082ED2F</string>
			<key>isa</key>
			<string>PBXBuildFile</string>
		</dict>
		<key>8B3D75D41D0C3D2500A41714</key>
		<dict>
			<key>children</key>
			<array>
				<string>8BEF1E5C1D0B0ED20086C0D2</string>
				<string>8B5B26891CE06ADD004B3223</string>
			</array>
			<key>isa</key>
			<string>PBXGroup</string>
			<key>path</key>
			<string>NSDate</string>
			<key>sourceTree</key>
			<string>&lt;group&gt;</string>
		</dict>
		<key>8B3D75D51D0C3FFF00A41714</key>
		<dict>
			<key>children</key>
			<array>
				<string>8BF776A11D085A7A00BBC55C</string>
				<string>8B3D75D61D0C40E600A41714</string>
				<string>8BF344D81D0978AC007FC518</string>
				<string>8B3613701D090A2700B4BFE4</string>
				<string>8B35BD3C1D07CA5D006B028D</string>
			</array>
			<key>isa</key>
			<string>PBXGroup</string>
			<key>path</key>
			<string>Person Helper</string>
			<key>sourceTree</key>
			<string>&lt;group&gt;</string>
		</dict>
		<key>8B3D75D61D0C40E600A41714</key>
		<dict>
			<key>fileEncoding</key>
			<string>4</string>
			<key>isa</key>
			<string>PBXFileReference</string>
			<key>lastKnownFileType</key>
			<string>sourcecode.swift</string>
			<key>path</key>
			<string>AccountantTypeRecognizer.swift</string>
			<key>sourceTree</key>
			<string>&lt;group&gt;</string>
		</dict>
		<key>8B3D75D71D0C40E600A41714</key>
		<dict>
			<key>fileRef</key>
			<string>8B3D75D61D0C40E600A41714</string>
			<key>isa</key>
			<string>PBXBuildFile</string>
		</dict>
		<key>8B3EA9931CF372680057B57A</key>
		<dict>
			<key>buildActionMask</key>
			<string>2147483647</string>
			<key>files</key>
			<array/>
			<key>inputPaths</key>
			<array/>
			<key>isa</key>
			<string>PBXShellScriptBuildPhase</string>
			<key>outputPaths</key>
			<array/>
			<key>runOnlyForDeploymentPostprocessing</key>
			<string>0</string>
			<key>shellPath</key>
			<string>/bin/sh</string>
			<key>shellScript</key>
			<string>if which swiftlint &gt;/dev/null; then
swiftlint
else
echo "warning: SwiftLint not installed, download from https://github.com/realm/SwiftLint"
fi</string>
		</dict>
		<key>8B3EA9941CF37A440057B57A</key>
		<dict>
			<key>fileEncoding</key>
			<string>4</string>
			<key>isa</key>
			<string>PBXFileReference</string>
			<key>lastKnownFileType</key>
			<string>text.plist.xml</string>
			<key>path</key>
			<string>Info.plist</string>
			<key>sourceTree</key>
			<string>&lt;group&gt;</string>
		</dict>
		<key>8B3EA9961CF386FE0057B57A</key>
		<dict>
			<key>children</key>
			<array>
				<string>8BF275D11CDB4D2900E1566D</string>
				<string>8B001DCD1CF1ED97001EB1C0</string>
				<string>8BF337DF1CECB7B2005CB57B</string>
			</array>
			<key>isa</key>
			<string>PBXGroup</string>
			<key>path</key>
			<string>UITableViewCells</string>
			<key>sourceTree</key>
			<string>&lt;group&gt;</string>
		</dict>
		<key>8B3EA9971CF3A7910057B57A</key>
		<dict>
			<key>fileEncoding</key>
			<string>4</string>
			<key>isa</key>
			<string>PBXFileReference</string>
			<key>lastKnownFileType</key>
			<string>sourcecode.swift</string>
			<key>path</key>
			<string>NetworkErrorDetector.swift</string>
			<key>sourceTree</key>
			<string>&lt;group&gt;</string>
		</dict>
		<key>8B3EA9981CF3A7910057B57A</key>
		<dict>
			<key>fileRef</key>
			<string>8B3EA9971CF3A7910057B57A</string>
			<key>isa</key>
			<string>PBXBuildFile</string>
		</dict>
		<key>8B3EA9991CF3ADE70057B57A</key>
		<dict>
			<key>children</key>
			<array>
				<string>8B9E1FD31CEC55190071C648</string>
			</array>
			<key>isa</key>
			<string>PBXGroup</string>
			<key>path</key>
			<string>Xml objects</string>
			<key>sourceTree</key>
			<string>&lt;group&gt;</string>
		</dict>
		<key>8B4B0B0B1D070A6D009C0807</key>
		<dict>
			<key>fileEncoding</key>
			<string>4</string>
			<key>isa</key>
			<string>PBXFileReference</string>
			<key>lastKnownFileType</key>
			<string>sourcecode.swift</string>
			<key>path</key>
			<string>PersonTableViewHeader.swift</string>
			<key>sourceTree</key>
			<string>&lt;group&gt;</string>
		</dict>
		<key>8B4B0B0C1D070A6D009C0807</key>
		<dict>
			<key>fileRef</key>
			<string>8B4B0B0B1D070A6D009C0807</string>
			<key>isa</key>
			<string>PBXBuildFile</string>
		</dict>
		<key>8B5A9F421CE88C8C00B75318</key>
		<dict>
			<key>children</key>
			<array>
				<string>8B067D1D1CE71F8A00CC9F5F</string>
				<string>8B067D1B1CE71C9100CC9F5F</string>
			</array>
			<key>isa</key>
			<string>PBXGroup</string>
			<key>path</key>
			<string>CoreDataStack</string>
			<key>sourceTree</key>
			<string>&lt;group&gt;</string>
		</dict>
		<key>8B5B26751CE03DA4004B3223</key>
		<dict>
			<key>children</key>
			<array>
				<string>8B5B26761CE03DAA004B3223</string>
				<string>8B3D75D51D0C3FFF00A41714</string>
				<string>8BF347631CEB463700241D23</string>
				<string>8BFF16021CE3780700F200CF</string>
				<string>8B3EA9971CF3A7910057B57A</string>
				<string>8B9E1FD01CEC52670071C648</string>
			</array>
			<key>isa</key>
			<string>PBXGroup</string>
			<key>path</key>
			<string>Helpers</string>
			<key>sourceTree</key>
			<string>&lt;group&gt;</string>
		</dict>
		<key>8B5B26761CE03DAA004B3223</key>
		<dict>
			<key>children</key>
			<array>
				<string>8B5A9F421CE88C8C00B75318</string>
				<string>8B3D75D41D0C3D2500A41714</string>
				<string>8BF337CE1CECAE9E005CB57B</string>
				<string>8BF4E3581CEC1226005AE3D5</string>
				<string>8B001DCE1CF203AA001EB1C0</string>
			</array>
			<key>isa</key>
			<string>PBXGroup</string>
			<key>path</key>
			<string>Extensions</string>
			<key>sourceTree</key>
			<string>&lt;group&gt;</string>
		</dict>
		<key>8B5B267A1CE0474D004B3223</key>
		<dict>
			<key>fileEncoding</key>
			<string>4</string>
			<key>isa</key>
			<string>PBXFileReference</string>
			<key>lastKnownFileType</key>
			<string>sourcecode.swift</string>
			<key>path</key>
			<string>Worker.swift</string>
			<key>sourceTree</key>
			<string>&lt;group&gt;</string>
		</dict>
		<key>8B5B267E1CE0474D004B3223</key>
		<dict>
			<key>fileEncoding</key>
			<string>4</string>
			<key>isa</key>
			<string>PBXFileReference</string>
			<key>lastKnownFileType</key>
			<string>sourcecode.swift</string>
			<key>path</key>
			<string>Person.swift</string>
			<key>sourceTree</key>
			<string>&lt;group&gt;</string>
		</dict>
		<key>8B5B26801CE0474D004B3223</key>
		<dict>
			<key>fileEncoding</key>
			<string>4</string>
			<key>isa</key>
			<string>PBXFileReference</string>
			<key>lastKnownFileType</key>
			<string>sourcecode.swift</string>
			<key>path</key>
			<string>Accountant.swift</string>
			<key>sourceTree</key>
			<string>&lt;group&gt;</string>
		</dict>
		<key>8B5B26821CE0474D004B3223</key>
		<dict>
			<key>fileRef</key>
			<string>8B5B267A1CE0474D004B3223</string>
			<key>isa</key>
			<string>PBXBuildFile</string>
		</dict>
		<key>8B5B26861CE0474D004B3223</key>
		<dict>
			<key>fileRef</key>
			<string>8B5B267E1CE0474D004B3223</string>
			<key>isa</key>
			<string>PBXBuildFile</string>
		</dict>
		<key>8B5B26881CE0474D004B3223</key>
		<dict>
			<key>fileRef</key>
			<string>8B5B26801CE0474D004B3223</string>
			<key>isa</key>
			<string>PBXBuildFile</string>
		</dict>
		<key>8B5B26891CE06ADD004B3223</key>
		<dict>
			<key>fileEncoding</key>
			<string>4</string>
			<key>isa</key>
			<string>PBXFileReference</string>
			<key>lastKnownFileType</key>
			<string>sourcecode.swift</string>
			<key>path</key>
			<string>NSDate+timeFormating.swift</string>
			<key>sourceTree</key>
			<string>&lt;group&gt;</string>
		</dict>
		<key>8B5B268A1CE06ADD004B3223</key>
		<dict>
			<key>fileRef</key>
			<string>8B5B26891CE06ADD004B3223</string>
			<key>isa</key>
			<string>PBXBuildFile</string>
		</dict>
		<key>8B7DCCC81CDB2A4A008AEDF6</key>
		<dict>
			<key>children</key>
			<array>
				<string>BD5432C808E39929914DB593</string>
				<string>D49CC5C01F6F22E6EB15A556</string>
				<string>8B7DCCD21CDB2A4A008AEDF6</string>
				<string>8B7DCCD31CDB2A4A008AEDF6</string>
			</array>
			<key>isa</key>
			<string>PBXGroup</string>
			<key>sourceTree</key>
			<string>&lt;group&gt;</string>
		</dict>
		<key>8B7DCCC91CDB2A4A008AEDF6</key>
		<dict>
			<key>attributes</key>
			<dict>
				<key>LastSwiftUpdateCheck</key>
				<string>0730</string>
				<key>LastUpgradeCheck</key>
				<string>0730</string>
				<key>ORGANIZATIONNAME</key>
				<string>developer</string>
				<key>TargetAttributes</key>
				<dict>
					<key>8B7DCCD01CDB2A4A008AEDF6</key>
					<dict>
						<key>CreatedOnToolsVersion</key>
						<string>7.3.1</string>
						<key>DevelopmentTeam</key>
						<string>GB85HYMZT6</string>
					</dict>
				</dict>
			</dict>
			<key>buildConfigurationList</key>
			<string>8B7DCCCC1CDB2A4A008AEDF6</string>
			<key>compatibilityVersion</key>
			<string>Xcode 3.2</string>
			<key>developmentRegion</key>
			<string>English</string>
			<key>hasScannedForEncodings</key>
			<string>0</string>
			<key>isa</key>
			<string>PBXProject</string>
			<key>knownRegions</key>
			<array>
				<string>en</string>
				<string>Base</string>
			</array>
			<key>mainGroup</key>
			<string>8B7DCCC81CDB2A4A008AEDF6</string>
			<key>productRefGroup</key>
			<string>8B7DCCD21CDB2A4A008AEDF6</string>
			<key>projectDirPath</key>
			<string></string>
			<key>projectReferences</key>
			<array/>
			<key>projectRoot</key>
			<string></string>
			<key>targets</key>
			<array>
				<string>8B7DCCD01CDB2A4A008AEDF6</string>
			</array>
		</dict>
		<key>8B7DCCCC1CDB2A4A008AEDF6</key>
		<dict>
			<key>buildConfigurations</key>
			<array>
				<string>8B7DCCE41CDB2A4B008AEDF6</string>
				<string>8B7DCCE51CDB2A4B008AEDF6</string>
			</array>
			<key>defaultConfigurationIsVisible</key>
			<string>0</string>
			<key>defaultConfigurationName</key>
			<string>Release</string>
			<key>isa</key>
			<string>XCConfigurationList</string>
		</dict>
		<key>8B7DCCCD1CDB2A4A008AEDF6</key>
		<dict>
			<key>buildActionMask</key>
			<string>2147483647</string>
			<key>files</key>
			<array>
				<string>8B7DCCFC1CDB2C14008AEDF6</string>
				<string>8B87C7D81CE1CA0600A667C6</string>
				<string>8BF776A71D085FEC00BBC55C</string>
				<string>8B001DCF1CF203AA001EB1C0</string>
				<string>8B067D1E1CE71F8A00CC9F5F</string>
				<string>8BF275DC1CDB524600E1566D</string>
				<string>8B7DCD091CDB2C3F008AEDF6</string>
				<string>8B067D1C1CE71C9100CC9F5F</string>
				<string>8BF344D91D0978AC007FC518</string>
				<string>8B3613711D090A2700B4BFE4</string>
				<string>8B9E1FD11CEC52680071C648</string>
				<string>8BF337D21CECAE9E005CB57B</string>
				<string>8BF337DD1CECB7A8005CB57B</string>
				<string>8B87C7E11CE1F47500A667C6</string>
				<string>8BF337D71CECB505005CB57B</string>
				<string>8BF3476B1CEB4E5900241D23</string>
				<string>8BF347651CEB465500241D23</string>
				<string>8BFF16031CE3780700F200CF</string>
				<string>8B87C7DD1CE1CB2100A667C6</string>
				<string>8BF776AB1D08601400BBC55C</string>
				<string>8B0951731D06D65600F67C9A</string>
				<string>8BF7FFE11CE5C9930002C5F1</string>
				<string>8B87C7D31CE1C80500A667C6</string>
				<string>8BF41B331CE43E8900E98285</string>
				<string>8BF347691CEB4C5700241D23</string>
				<string>8BF776A31D085AA900BBC55C</string>
				<string>8B35BD3D1D07CA5D006B028D</string>
				<string>8BF347671CEB496000241D23</string>
				<string>8B5B26881CE0474D004B3223</string>
				<string>8B3961E71CEE0FCA00EDC4C0</string>
				<string>8BF4E3591CEC1226005AE3D5</string>
				<string>8B3EA9981CF3A7910057B57A</string>
				<string>8B9E1FD41CEC55190071C648</string>
				<string>8BF776A51D085FA400BBC55C</string>
				<string>8BF776A91D08600100BBC55C</string>
				<string>8B3D75D71D0C40E600A41714</string>
				<string>8B7DCCF01CDB2B10008AEDF6</string>
				<string>8BA93DF31CE4E3DA00E55BA7</string>
				<string>8B7DCCD51CDB2A4A008AEDF6</string>
				<string>8B5B26861CE0474D004B3223</string>
				<string>8B5B26821CE0474D004B3223</string>
				<string>8B5B268A1CE06ADD004B3223</string>
				<string>8BF337D11CECAE9E005CB57B</string>
				<string>8BEF1E5D1D0B0ED20086C0D2</string>
				<string>8B4B0B0C1D070A6D009C0807</string>
				<string>8BA93DF51CE4E8B400E55BA7</string>
				<string>8BF7FFDF1CE58B4E0002C5F1</string>
			</array>
			<key>isa</key>
			<string>PBXSourcesBuildPhase</string>
			<key>runOnlyForDeploymentPostprocessing</key>
			<string>0</string>
		</dict>
		<key>8B7DCCCE1CDB2A4A008AEDF6</key>
		<dict>
			<key>buildActionMask</key>
			<string>2147483647</string>
			<key>files</key>
			<array>
				<string>03DE02B95183C98D93830241</string>
			</array>
			<key>isa</key>
			<string>PBXFrameworksBuildPhase</string>
			<key>runOnlyForDeploymentPostprocessing</key>
			<string>0</string>
		</dict>
		<key>8B7DCCCF1CDB2A4A008AEDF6</key>
		<dict>
			<key>buildActionMask</key>
			<string>2147483647</string>
			<key>files</key>
			<array>
				<string>8B396CFD1D0E8A820082ED2F</string>
				<string>8B87C7D91CE1CA0600A667C6</string>
				<string>8B87C7DE1CE1CB2100A667C6</string>
				<string>8B7DCCF11CDB2B10008AEDF6</string>
				<string>8BF275DD1CDB524600E1566D</string>
				<string>8B7DCD0A1CDB2C3F008AEDF6</string>
				<string>8B7DCCDF1CDB2A4A008AEDF6</string>
				<string>8BF337DE1CECB7A8005CB57B</string>
				<string>8B87C7D41CE1C80500A667C6</string>
				<string>8BF337D81CECB505005CB57B</string>
			</array>
			<key>isa</key>
			<string>PBXResourcesBuildPhase</string>
			<key>runOnlyForDeploymentPostprocessing</key>
			<string>0</string>
		</dict>
		<key>8B7DCCD01CDB2A4A008AEDF6</key>
		<dict>
			<key>buildConfigurationList</key>
			<string>8B7DCCE61CDB2A4B008AEDF6</string>
			<key>buildPhases</key>
			<array>
				<string>62AF914A7C02239C916B7D80</string>
				<string>8B7DCCCD1CDB2A4A008AEDF6</string>
				<string>8B7DCCCE1CDB2A4A008AEDF6</string>
				<string>8B7DCCCF1CDB2A4A008AEDF6</string>
				<string>41130DC35DB849ADA300CE35</string>
				<string>84F1F6B2B3579189CE980845</string>
				<string>8B3EA9931CF372680057B57A</string>
			</array>
			<key>buildRules</key>
			<array/>
			<key>dependencies</key>
			<array/>
			<key>isa</key>
			<string>PBXNativeTarget</string>
			<key>name</key>
			<string>TestApplication</string>
			<key>productName</key>
			<string>TestApplication</string>
			<key>productReference</key>
			<string>8B7DCCD11CDB2A4A008AEDF6</string>
			<key>productType</key>
			<string>com.apple.product-type.application</string>
		</dict>
		<key>8B7DCCD11CDB2A4A008AEDF6</key>
		<dict>
			<key>explicitFileType</key>
			<string>wrapper.application</string>
			<key>includeInIndex</key>
			<string>0</string>
			<key>isa</key>
			<string>PBXFileReference</string>
			<key>path</key>
			<string>TestApplication.app</string>
			<key>sourceTree</key>
			<string>BUILT_PRODUCTS_DIR</string>
		</dict>
		<key>8B7DCCD21CDB2A4A008AEDF6</key>
		<dict>
			<key>children</key>
			<array>
				<string>8B7DCCD11CDB2A4A008AEDF6</string>
			</array>
			<key>isa</key>
			<string>PBXGroup</string>
			<key>name</key>
			<string>Products</string>
			<key>sourceTree</key>
			<string>&lt;group&gt;</string>
		</dict>
		<key>8B7DCCD31CDB2A4A008AEDF6</key>
		<dict>
			<key>children</key>
			<array>
				<string>8B7DCCED1CDB2ABA008AEDF6</string>
				<string>8B5B26751CE03DA4004B3223</string>
				<string>8B7DCCE91CDB2A58008AEDF6</string>
			</array>
			<key>isa</key>
			<string>PBXGroup</string>
			<key>path</key>
			<string>TestApplication</string>
			<key>sourceTree</key>
			<string>&lt;group&gt;</string>
		</dict>
		<key>8B7DCCD41CDB2A4A008AEDF6</key>
		<dict>
			<key>isa</key>
			<string>PBXFileReference</string>
			<key>lastKnownFileType</key>
			<string>sourcecode.swift</string>
			<key>path</key>
			<string>AppDelegate.swift</string>
			<key>sourceTree</key>
			<string>&lt;group&gt;</string>
		</dict>
		<key>8B7DCCD51CDB2A4A008AEDF6</key>
		<dict>
			<key>fileRef</key>
			<string>8B7DCCD41CDB2A4A008AEDF6</string>
			<key>isa</key>
			<string>PBXBuildFile</string>
		</dict>
		<key>8B7DCCDE1CDB2A4A008AEDF6</key>
		<dict>
			<key>isa</key>
			<string>PBXFileReference</string>
			<key>lastKnownFileType</key>
			<string>folder.assetcatalog</string>
			<key>path</key>
			<string>Assets.xcassets</string>
			<key>sourceTree</key>
			<string>&lt;group&gt;</string>
		</dict>
		<key>8B7DCCDF1CDB2A4A008AEDF6</key>
		<dict>
			<key>fileRef</key>
			<string>8B7DCCDE1CDB2A4A008AEDF6</string>
			<key>isa</key>
			<string>PBXBuildFile</string>
		</dict>
		<key>8B7DCCE41CDB2A4B008AEDF6</key>
		<dict>
			<key>buildSettings</key>
			<dict>
				<key>ALWAYS_SEARCH_USER_PATHS</key>
				<string>NO</string>
				<key>CLANG_ANALYZER_NONNULL</key>
				<string>YES</string>
				<key>CLANG_CXX_LANGUAGE_STANDARD</key>
				<string>gnu++0x</string>
				<key>CLANG_CXX_LIBRARY</key>
				<string>libc++</string>
				<key>CLANG_ENABLE_MODULES</key>
				<string>YES</string>
				<key>CLANG_ENABLE_OBJC_ARC</key>
				<string>YES</string>
				<key>CLANG_WARN_BOOL_CONVERSION</key>
				<string>YES</string>
				<key>CLANG_WARN_CONSTANT_CONVERSION</key>
				<string>YES</string>
				<key>CLANG_WARN_DIRECT_OBJC_ISA_USAGE</key>
				<string>YES_ERROR</string>
				<key>CLANG_WARN_EMPTY_BODY</key>
				<string>YES</string>
				<key>CLANG_WARN_ENUM_CONVERSION</key>
				<string>YES</string>
				<key>CLANG_WARN_INT_CONVERSION</key>
				<string>YES</string>
				<key>CLANG_WARN_OBJC_ROOT_CLASS</key>
				<string>YES_ERROR</string>
				<key>CLANG_WARN_UNREACHABLE_CODE</key>
				<string>YES</string>
				<key>CLANG_WARN__DUPLICATE_METHOD_MATCH</key>
				<string>YES</string>
				<key>CODE_SIGN_IDENTITY[sdk=iphoneos*]</key>
				<string>iPhone Developer</string>
				<key>COPY_PHASE_STRIP</key>
				<string>NO</string>
				<key>DEBUG_INFORMATION_FORMAT</key>
				<string>dwarf</string>
				<key>ENABLE_STRICT_OBJC_MSGSEND</key>
				<string>YES</string>
				<key>ENABLE_TESTABILITY</key>
				<string>YES</string>
				<key>GCC_C_LANGUAGE_STANDARD</key>
				<string>gnu99</string>
				<key>GCC_DYNAMIC_NO_PIC</key>
				<string>NO</string>
				<key>GCC_NO_COMMON_BLOCKS</key>
				<string>YES</string>
				<key>GCC_OPTIMIZATION_LEVEL</key>
				<string>0</string>
				<key>GCC_PREPROCESSOR_DEFINITIONS</key>
				<array>
					<string>DEBUG=1</string>
					<string>$(inherited)</string>
				</array>
				<key>GCC_WARN_64_TO_32_BIT_CONVERSION</key>
				<string>YES</string>
				<key>GCC_WARN_ABOUT_RETURN_TYPE</key>
				<string>YES_ERROR</string>
				<key>GCC_WARN_UNDECLARED_SELECTOR</key>
				<string>YES</string>
				<key>GCC_WARN_UNINITIALIZED_AUTOS</key>
				<string>YES_AGGRESSIVE</string>
				<key>GCC_WARN_UNUSED_FUNCTION</key>
				<string>YES</string>
				<key>GCC_WARN_UNUSED_VARIABLE</key>
				<string>YES</string>
				<key>IPHONEOS_DEPLOYMENT_TARGET</key>
				<string>9.3</string>
				<key>MTL_ENABLE_DEBUG_INFO</key>
				<string>YES</string>
				<key>ONLY_ACTIVE_ARCH</key>
				<string>YES</string>
				<key>SDKROOT</key>
				<string>iphoneos</string>
				<key>SWIFT_OPTIMIZATION_LEVEL</key>
				<string>-Onone</string>
				<key>TARGETED_DEVICE_FAMILY</key>
				<string>1,2</string>
			</dict>
			<key>isa</key>
			<string>XCBuildConfiguration</string>
			<key>name</key>
			<string>Debug</string>
		</dict>
		<key>8B7DCCE51CDB2A4B008AEDF6</key>
		<dict>
			<key>buildSettings</key>
			<dict>
				<key>ALWAYS_SEARCH_USER_PATHS</key>
				<string>NO</string>
				<key>CLANG_ANALYZER_NONNULL</key>
				<string>YES</string>
				<key>CLANG_CXX_LANGUAGE_STANDARD</key>
				<string>gnu++0x</string>
				<key>CLANG_CXX_LIBRARY</key>
				<string>libc++</string>
				<key>CLANG_ENABLE_MODULES</key>
				<string>YES</string>
				<key>CLANG_ENABLE_OBJC_ARC</key>
				<string>YES</string>
				<key>CLANG_WARN_BOOL_CONVERSION</key>
				<string>YES</string>
				<key>CLANG_WARN_CONSTANT_CONVERSION</key>
				<string>YES</string>
				<key>CLANG_WARN_DIRECT_OBJC_ISA_USAGE</key>
				<string>YES_ERROR</string>
				<key>CLANG_WARN_EMPTY_BODY</key>
				<string>YES</string>
				<key>CLANG_WARN_ENUM_CONVERSION</key>
				<string>YES</string>
				<key>CLANG_WARN_INT_CONVERSION</key>
				<string>YES</string>
				<key>CLANG_WARN_OBJC_ROOT_CLASS</key>
				<string>YES_ERROR</string>
				<key>CLANG_WARN_UNREACHABLE_CODE</key>
				<string>YES</string>
				<key>CLANG_WARN__DUPLICATE_METHOD_MATCH</key>
				<string>YES</string>
				<key>CODE_SIGN_IDENTITY[sdk=iphoneos*]</key>
				<string>iPhone Developer</string>
				<key>COPY_PHASE_STRIP</key>
				<string>NO</string>
				<key>DEBUG_INFORMATION_FORMAT</key>
				<string>dwarf-with-dsym</string>
				<key>ENABLE_NS_ASSERTIONS</key>
				<string>NO</string>
				<key>ENABLE_STRICT_OBJC_MSGSEND</key>
				<string>YES</string>
				<key>GCC_C_LANGUAGE_STANDARD</key>
				<string>gnu99</string>
				<key>GCC_NO_COMMON_BLOCKS</key>
				<string>YES</string>
				<key>GCC_WARN_64_TO_32_BIT_CONVERSION</key>
				<string>YES</string>
				<key>GCC_WARN_ABOUT_RETURN_TYPE</key>
				<string>YES_ERROR</string>
				<key>GCC_WARN_UNDECLARED_SELECTOR</key>
				<string>YES</string>
				<key>GCC_WARN_UNINITIALIZED_AUTOS</key>
				<string>YES_AGGRESSIVE</string>
				<key>GCC_WARN_UNUSED_FUNCTION</key>
				<string>YES</string>
				<key>GCC_WARN_UNUSED_VARIABLE</key>
				<string>YES</string>
				<key>IPHONEOS_DEPLOYMENT_TARGET</key>
				<string>9.3</string>
				<key>MTL_ENABLE_DEBUG_INFO</key>
				<string>NO</string>
				<key>SDKROOT</key>
				<string>iphoneos</string>
				<key>TARGETED_DEVICE_FAMILY</key>
				<string>1,2</string>
				<key>VALIDATE_PRODUCT</key>
				<string>YES</string>
			</dict>
			<key>isa</key>
			<string>XCBuildConfiguration</string>
			<key>name</key>
			<string>Release</string>
		</dict>
		<key>8B7DCCE61CDB2A4B008AEDF6</key>
		<dict>
			<key>buildConfigurations</key>
			<array>
				<string>8B7DCCE71CDB2A4B008AEDF6</string>
				<string>8B7DCCE81CDB2A4B008AEDF6</string>
			</array>
			<key>defaultConfigurationIsVisible</key>
			<string>0</string>
			<key>defaultConfigurationName</key>
			<string>Release</string>
			<key>isa</key>
			<string>XCConfigurationList</string>
		</dict>
		<key>8B7DCCE71CDB2A4B008AEDF6</key>
		<dict>
			<key>baseConfigurationReference</key>
			<string>ED4B9E7C9BCE517ECFE4DD92</string>
			<key>buildSettings</key>
			<dict>
				<key>ASSETCATALOG_COMPILER_APPICON_NAME</key>
				<string>AppIcon</string>
				<key>CODE_SIGN_IDENTITY</key>
				<string>iPhone Developer</string>
				<key>INFOPLIST_FILE</key>
				<string>TestApplication/Assets/Info.plist</string>
				<key>LD_RUNPATH_SEARCH_PATHS</key>
				<string>$(inherited) @executable_path/Frameworks</string>
				<key>PRODUCT_BUNDLE_IDENTIFIER</key>
				<string>com.project.TestApplication</string>
				<key>PRODUCT_NAME</key>
				<string>$(TARGET_NAME)</string>
			</dict>
			<key>isa</key>
			<string>XCBuildConfiguration</string>
			<key>name</key>
			<string>Debug</string>
		</dict>
		<key>8B7DCCE81CDB2A4B008AEDF6</key>
		<dict>
			<key>baseConfigurationReference</key>
			<string>86638BE5E2AACD143001D5C4</string>
			<key>buildSettings</key>
			<dict>
				<key>ASSETCATALOG_COMPILER_APPICON_NAME</key>
				<string>AppIcon</string>
				<key>CODE_SIGN_IDENTITY</key>
				<string>iPhone Developer</string>
				<key>INFOPLIST_FILE</key>
				<string>TestApplication/Assets/Info.plist</string>
				<key>LD_RUNPATH_SEARCH_PATHS</key>
				<string>$(inherited) @executable_path/Frameworks</string>
				<key>PRODUCT_BUNDLE_IDENTIFIER</key>
				<string>com.project.TestApplication</string>
				<key>PRODUCT_NAME</key>
				<string>$(TARGET_NAME)</string>
			</dict>
			<key>isa</key>
			<string>XCBuildConfiguration</string>
			<key>name</key>
			<string>Release</string>
		</dict>
		<key>8B7DCCE91CDB2A58008AEDF6</key>
		<dict>
			<key>children</key>
			<array>
				<string>8B7DCCEC1CDB2A7A008AEDF6</string>
				<string>8B7DCCEB1CDB2A6F008AEDF6</string>
				<string>8B7DCCEA1CDB2A61008AEDF6</string>
				<string>8B7DCCD41CDB2A4A008AEDF6</string>
			</array>
			<key>isa</key>
			<string>PBXGroup</string>
			<key>path</key>
			<string>Source</string>
			<key>sourceTree</key>
			<string>&lt;group&gt;</string>
		</dict>
		<key>8B7DCCEA1CDB2A61008AEDF6</key>
		<dict>
			<key>children</key>
			<array>
				<string>8B3EA9961CF386FE0057B57A</string>
				<string>8B4B0B0B1D070A6D009C0807</string>
			</array>
			<key>isa</key>
			<string>PBXGroup</string>
			<key>path</key>
			<string>Views</string>
			<key>sourceTree</key>
			<string>&lt;group&gt;</string>
		</dict>
		<key>8B7DCCEB1CDB2A6F008AEDF6</key>
		<dict>
			<key>children</key>
			<array>
				<string>8BF275BE1CDB330B00E1566D</string>
				<string>8BF275BF1CDB331E00E1566D</string>
				<string>8BF275C01CDB332500E1566D</string>
				<string>8B87C7EB1CE2194A00A667C6</string>
				<string>8BF275C11CDB332F00E1566D</string>
				<string>8BF275C31CDB334600E1566D</string>
			</array>
			<key>isa</key>
			<string>PBXGroup</string>
			<key>path</key>
			<string>View Controllers</string>
			<key>sourceTree</key>
			<string>&lt;group&gt;</string>
		</dict>
		<key>8B7DCCEC1CDB2A7A008AEDF6</key>
		<dict>
			<key>children</key>
			<array>
				<string>8B9E1FD21CEC54EF0071C648</string>
				<string>8B3EA9991CF3ADE70057B57A</string>
			</array>
			<key>isa</key>
			<string>PBXGroup</string>
			<key>path</key>
			<string>Models</string>
			<key>sourceTree</key>
			<string>&lt;group&gt;</string>
		</dict>
		<key>8B7DCCED1CDB2ABA008AEDF6</key>
		<dict>
			<key>children</key>
			<array>
				<string>8B7DCCDE1CDB2A4A008AEDF6</string>
				<string>8B3EA9941CF37A440057B57A</string>
			</array>
			<key>isa</key>
			<string>PBXGroup</string>
			<key>path</key>
			<string>Assets</string>
			<key>sourceTree</key>
			<string>&lt;group&gt;</string>
		</dict>
		<key>8B7DCCEE1CDB2B10008AEDF6</key>
		<dict>
			<key>fileEncoding</key>
			<string>4</string>
			<key>isa</key>
			<string>PBXFileReference</string>
			<key>lastKnownFileType</key>
			<string>sourcecode.swift</string>
			<key>path</key>
			<string>StartViewController.swift</string>
			<key>sourceTree</key>
			<string>&lt;group&gt;</string>
		</dict>
		<key>8B7DCCEF1CDB2B10008AEDF6</key>
		<dict>
			<key>fileEncoding</key>
			<string>4</string>
			<key>isa</key>
			<string>PBXFileReference</string>
			<key>lastKnownFileType</key>
			<string>file.xib</string>
			<key>path</key>
			<string>StartViewController.xib</string>
			<key>sourceTree</key>
			<string>&lt;group&gt;</string>
		</dict>
		<key>8B7DCCF01CDB2B10008AEDF6</key>
		<dict>
			<key>fileRef</key>
			<string>8B7DCCEE1CDB2B10008AEDF6</string>
			<key>isa</key>
			<string>PBXBuildFile</string>
		</dict>
		<key>8B7DCCF11CDB2B10008AEDF6</key>
		<dict>
			<key>fileRef</key>
			<string>8B7DCCEF1CDB2B10008AEDF6</string>
			<key>isa</key>
			<string>PBXBuildFile</string>
		</dict>
		<key>8B7DCCFA1CDB2C14008AEDF6</key>
		<dict>
			<key>children</key>
			<array>
				<string>8B7DCCFB1CDB2C14008AEDF6</string>
			</array>
			<key>currentVersion</key>
			<string>8B7DCCFB1CDB2C14008AEDF6</string>
			<key>isa</key>
			<string>XCVersionGroup</string>
			<key>path</key>
			<string>TestApplication.xcdatamodeld</string>
			<key>sourceTree</key>
			<string>&lt;group&gt;</string>
			<key>versionGroupType</key>
			<string>wrapper.xcdatamodel</string>
		</dict>
		<key>8B7DCCFB1CDB2C14008AEDF6</key>
		<dict>
			<key>isa</key>
			<string>PBXFileReference</string>
			<key>lastKnownFileType</key>
			<string>wrapper.xcdatamodel</string>
			<key>path</key>
			<string>TestApplication.xcdatamodel</string>
			<key>sourceTree</key>
			<string>&lt;group&gt;</string>
		</dict>
		<key>8B7DCCFC1CDB2C14008AEDF6</key>
		<dict>
			<key>fileRef</key>
			<string>8B7DCCFA1CDB2C14008AEDF6</string>
			<key>isa</key>
			<string>PBXBuildFile</string>
		</dict>
		<key>8B7DCCFF1CDB2C3F008AEDF6</key>
		<dict>
			<key>fileEncoding</key>
			<string>4</string>
			<key>isa</key>
			<string>PBXFileReference</string>
			<key>lastKnownFileType</key>
			<string>sourcecode.swift</string>
			<key>path</key>
			<string>LaunchViewController.swift</string>
			<key>sourceTree</key>
			<string>&lt;group&gt;</string>
		</dict>
		<key>8B7DCD001CDB2C3F008AEDF6</key>
		<dict>
			<key>fileEncoding</key>
			<string>4</string>
			<key>isa</key>
			<string>PBXFileReference</string>
			<key>lastKnownFileType</key>
			<string>file.xib</string>
			<key>path</key>
			<string>LaunchViewController.xib</string>
			<key>sourceTree</key>
			<string>&lt;group&gt;</string>
		</dict>
		<key>8B7DCD091CDB2C3F008AEDF6</key>
		<dict>
			<key>fileRef</key>
			<string>8B7DCCFF1CDB2C3F008AEDF6</string>
			<key>isa</key>
			<string>PBXBuildFile</string>
		</dict>
		<key>8B7DCD0A1CDB2C3F008AEDF6</key>
		<dict>
			<key>fileRef</key>
			<string>8B7DCD001CDB2C3F008AEDF6</string>
			<key>isa</key>
			<string>PBXBuildFile</string>
		</dict>
		<key>8B87C7D11CE1C80500A667C6</key>
		<dict>
			<key>fileEncoding</key>
			<string>4</string>
			<key>isa</key>
			<string>PBXFileReference</string>
			<key>lastKnownFileType</key>
			<string>sourcecode.swift</string>
			<key>path</key>
			<string>ManagerTableViewCell.swift</string>
			<key>sourceTree</key>
			<string>&lt;group&gt;</string>
		</dict>
		<key>8B87C7D21CE1C80500A667C6</key>
		<dict>
			<key>fileEncoding</key>
			<string>4</string>
			<key>isa</key>
			<string>PBXFileReference</string>
			<key>lastKnownFileType</key>
			<string>file.xib</string>
			<key>path</key>
			<string>ManagerTableViewCell.xib</string>
			<key>sourceTree</key>
			<string>&lt;group&gt;</string>
		</dict>
		<key>8B87C7D31CE1C80500A667C6</key>
		<dict>
			<key>fileRef</key>
			<string>8B87C7D11CE1C80500A667C6</string>
			<key>isa</key>
			<string>PBXBuildFile</string>
		</dict>
		<key>8B87C7D41CE1C80500A667C6</key>
		<dict>
			<key>fileRef</key>
			<string>8B87C7D21CE1C80500A667C6</string>
			<key>isa</key>
			<string>PBXBuildFile</string>
		</dict>
		<key>8B87C7D51CE1C80C00A667C6</key>
		<dict>
			<key>children</key>
			<array>
				<string>8B87C7D11CE1C80500A667C6</string>
				<string>8B87C7D21CE1C80500A667C6</string>
			</array>
			<key>isa</key>
			<string>PBXGroup</string>
			<key>path</key>
			<string>Manager Table View Cell</string>
			<key>sourceTree</key>
			<string>&lt;group&gt;</string>
		</dict>
		<key>8B87C7D61CE1CA0600A667C6</key>
		<dict>
			<key>fileEncoding</key>
			<string>4</string>
			<key>isa</key>
			<string>PBXFileReference</string>
			<key>lastKnownFileType</key>
			<string>sourcecode.swift</string>
			<key>path</key>
			<string>AccountantTableViewCell.swift</string>
			<key>sourceTree</key>
			<string>&lt;group&gt;</string>
		</dict>
		<key>8B87C7D71CE1CA0600A667C6</key>
		<dict>
			<key>fileEncoding</key>
			<string>4</string>
			<key>isa</key>
			<string>PBXFileReference</string>
			<key>lastKnownFileType</key>
			<string>file.xib</string>
			<key>path</key>
			<string>AccountantTableViewCell.xib</string>
			<key>sourceTree</key>
			<string>&lt;group&gt;</string>
		</dict>
		<key>8B87C7D81CE1CA0600A667C6</key>
		<dict>
			<key>fileRef</key>
			<string>8B87C7D61CE1CA0600A667C6</string>
			<key>isa</key>
			<string>PBXBuildFile</string>
		</dict>
		<key>8B87C7D91CE1CA0600A667C6</key>
		<dict>
			<key>fileRef</key>
			<string>8B87C7D71CE1CA0600A667C6</string>
			<key>isa</key>
			<string>PBXBuildFile</string>
		</dict>
		<key>8B87C7DA1CE1CA0900A667C6</key>
		<dict>
			<key>children</key>
			<array>
				<string>8B87C7D61CE1CA0600A667C6</string>
				<string>8B87C7D71CE1CA0600A667C6</string>
			</array>
			<key>isa</key>
			<string>PBXGroup</string>
			<key>path</key>
			<string>Accountant Table View Cell</string>
			<key>sourceTree</key>
			<string>&lt;group&gt;</string>
		</dict>
		<key>8B87C7DB1CE1CB2100A667C6</key>
		<dict>
			<key>fileEncoding</key>
			<string>4</string>
			<key>isa</key>
			<string>PBXFileReference</string>
			<key>lastKnownFileType</key>
			<string>sourcecode.swift</string>
			<key>path</key>
			<string>WorkerTableViewCell.swift</string>
			<key>sourceTree</key>
			<string>&lt;group&gt;</string>
		</dict>
		<key>8B87C7DC1CE1CB2100A667C6</key>
		<dict>
			<key>fileEncoding</key>
			<string>4</string>
			<key>isa</key>
			<string>PBXFileReference</string>
			<key>lastKnownFileType</key>
			<string>file.xib</string>
			<key>path</key>
			<string>WorkerTableViewCell.xib</string>
			<key>sourceTree</key>
			<string>&lt;group&gt;</string>
		</dict>
		<key>8B87C7DD1CE1CB2100A667C6</key>
		<dict>
			<key>fileRef</key>
			<string>8B87C7DB1CE1CB2100A667C6</string>
			<key>isa</key>
			<string>PBXBuildFile</string>
		</dict>
		<key>8B87C7DE1CE1CB2100A667C6</key>
		<dict>
			<key>fileRef</key>
			<string>8B87C7DC1CE1CB2100A667C6</string>
			<key>isa</key>
			<string>PBXBuildFile</string>
		</dict>
		<key>8B87C7DF1CE1CB2400A667C6</key>
		<dict>
			<key>children</key>
			<array>
				<string>8B87C7DB1CE1CB2100A667C6</string>
				<string>8B87C7DC1CE1CB2100A667C6</string>
			</array>
			<key>isa</key>
			<string>PBXGroup</string>
			<key>path</key>
			<string>Worker Table View Cell</string>
			<key>sourceTree</key>
			<string>&lt;group&gt;</string>
		</dict>
		<key>8B87C7E01CE1F47500A667C6</key>
		<dict>
			<key>fileEncoding</key>
			<string>4</string>
			<key>isa</key>
			<string>PBXFileReference</string>
			<key>lastKnownFileType</key>
			<string>sourcecode.swift</string>
			<key>path</key>
			<string>PersonsFetchedResultsControllerDelegate.swift</string>
			<key>sourceTree</key>
			<string>&lt;group&gt;</string>
		</dict>
		<key>8B87C7E11CE1F47500A667C6</key>
		<dict>
			<key>fileRef</key>
			<string>8B87C7E01CE1F47500A667C6</string>
			<key>isa</key>
			<string>PBXBuildFile</string>
		</dict>
		<key>8B87C7EB1CE2194A00A667C6</key>
		<dict>
			<key>children</key>
			<array>
				<string>8BF41B321CE43E8900E98285</string>
			</array>
			<key>isa</key>
			<string>PBXGroup</string>
			<key>path</key>
			<string>Person Detail View Controller</string>
			<key>sourceTree</key>
			<string>&lt;group&gt;</string>
		</dict>
		<key>8B9E1FD01CEC52670071C648</key>
		<dict>
			<key>fileEncoding</key>
			<string>4</string>
			<key>isa</key>
			<string>PBXFileReference</string>
			<key>lastKnownFileType</key>
			<string>sourcecode.swift</string>
			<key>path</key>
			<string>WebService.swift</string>
			<key>sourceTree</key>
			<string>&lt;group&gt;</string>
		</dict>
		<key>8B9E1FD11CEC52680071C648</key>
		<dict>
			<key>fileRef</key>
			<string>8B9E1FD01CEC52670071C648</string>
			<key>isa</key>
			<string>PBXBuildFile</string>
		</dict>
		<key>8B9E1FD21CEC54EF0071C648</key>
		<dict>
			<key>children</key>
			<array>
				<string>8B5B26801CE0474D004B3223</string>
				<string>8B0951711D06D65600F67C9A</string>
				<string>8B5B267E1CE0474D004B3223</string>
				<string>8B7DCCFA1CDB2C14008AEDF6</string>
				<string>8B5B267A1CE0474D004B3223</string>
			</array>
			<key>isa</key>
			<string>PBXGroup</string>
			<key>path</key>
			<string>Core data</string>
			<key>sourceTree</key>
			<string>&lt;group&gt;</string>
		</dict>
		<key>8B9E1FD31CEC55190071C648</key>
		<dict>
			<key>fileEncoding</key>
			<string>4</string>
			<key>isa</key>
			<string>PBXFileReference</string>
			<key>lastKnownFileType</key>
			<string>sourcecode.swift</string>
			<key>path</key>
			<string>Quote.swift</string>
			<key>sourceTree</key>
			<string>&lt;group&gt;</string>
		</dict>
		<key>8B9E1FD41CEC55190071C648</key>
		<dict>
			<key>fileRef</key>
			<string>8B9E1FD31CEC55190071C648</string>
			<key>isa</key>
			<string>PBXBuildFile</string>
		</dict>
		<key>8BA93DF21CE4E3DA00E55BA7</key>
		<dict>
			<key>fileEncoding</key>
			<string>4</string>
			<key>isa</key>
			<string>PBXFileReference</string>
			<key>lastKnownFileType</key>
			<string>sourcecode.swift</string>
			<key>path</key>
			<string>CustomTableViewCell.swift</string>
			<key>sourceTree</key>
			<string>&lt;group&gt;</string>
		</dict>
		<key>8BA93DF31CE4E3DA00E55BA7</key>
		<dict>
			<key>fileRef</key>
			<string>8BA93DF21CE4E3DA00E55BA7</string>
			<key>isa</key>
			<string>PBXBuildFile</string>
		</dict>
		<key>8BA93DF41CE4E8B400E55BA7</key>
		<dict>
			<key>fileEncoding</key>
			<string>4</string>
			<key>isa</key>
			<string>PBXFileReference</string>
			<key>lastKnownFileType</key>
			<string>sourcecode.swift</string>
			<key>path</key>
			<string>SimpleTextFieldCell.swift</string>
			<key>sourceTree</key>
			<string>&lt;group&gt;</string>
		</dict>
		<key>8BA93DF51CE4E8B400E55BA7</key>
		<dict>
			<key>fileRef</key>
			<string>8BA93DF41CE4E8B400E55BA7</string>
			<key>isa</key>
			<string>PBXBuildFile</string>
		</dict>
		<key>8BEF1E5C1D0B0ED20086C0D2</key>
		<dict>
			<key>fileEncoding</key>
			<string>4</string>
			<key>isa</key>
			<string>PBXFileReference</string>
			<key>lastKnownFileType</key>
			<string>sourcecode.swift</string>
			<key>path</key>
			<string>NSDate+addSubstructMinute.swift</string>
			<key>sourceTree</key>
			<string>&lt;group&gt;</string>
		</dict>
		<key>8BEF1E5D1D0B0ED20086C0D2</key>
		<dict>
			<key>fileRef</key>
			<string>8BEF1E5C1D0B0ED20086C0D2</string>
			<key>isa</key>
			<string>PBXBuildFile</string>
		</dict>
		<key>8BF275BE1CDB330B00E1566D</key>
		<dict>
			<key>children</key>
			<array>
				<string>8B3961E61CEE0FCA00EDC4C0</string>
				<string>8B396CFC1D0E8A820082ED2F</string>
			</array>
			<key>isa</key>
			<string>PBXGroup</string>
			<key>path</key>
			<string>Gallery View Controller</string>
			<key>sourceTree</key>
			<string>&lt;group&gt;</string>
		</dict>
		<key>8BF275BF1CDB331E00E1566D</key>
		<dict>
			<key>children</key>
			<array>
				<string>8B7DCCFF1CDB2C3F008AEDF6</string>
				<string>8B7DCD001CDB2C3F008AEDF6</string>
			</array>
			<key>isa</key>
			<string>PBXGroup</string>
			<key>path</key>
			<string>Launch View Controller</string>
			<key>sourceTree</key>
			<string>&lt;group&gt;</string>
		</dict>
		<key>8BF275C01CDB332500E1566D</key>
		<dict>
			<key>children</key>
			<array>
				<string>8BF275DB1CDB524600E1566D</string>
				<string>8BF275DA1CDB524600E1566D</string>
				<string>8B87C7E01CE1F47500A667C6</string>
			</array>
			<key>isa</key>
			<string>PBXGroup</string>
			<key>path</key>
			<string>List View Controller</string>
			<key>sourceTree</key>
			<string>&lt;group&gt;</string>
		</dict>
		<key>8BF275C11CDB332F00E1566D</key>
		<dict>
			<key>children</key>
			<array>
				<string>8BF337D51CECB505005CB57B</string>
				<string>8BF337D61CECB505005CB57B</string>
			</array>
			<key>isa</key>
			<string>PBXGroup</string>
			<key>path</key>
			<string>Service View Controller</string>
			<key>sourceTree</key>
			<string>&lt;group&gt;</string>
		</dict>
		<key>8BF275C31CDB334600E1566D</key>
		<dict>
			<key>children</key>
			<array>
				<string>8B7DCCEE1CDB2B10008AEDF6</string>
				<string>8B7DCCEF1CDB2B10008AEDF6</string>
			</array>
			<key>isa</key>
			<string>PBXGroup</string>
			<key>path</key>
			<string>Start View Controller</string>
			<key>sourceTree</key>
			<string>&lt;group&gt;</string>
		</dict>
		<key>8BF275D11CDB4D2900E1566D</key>
		<dict>
			<key>children</key>
			<array>
				<string>8B87C7DA1CE1CA0900A667C6</string>
				<string>8B87C7D51CE1C80C00A667C6</string>
				<string>8B87C7DF1CE1CB2400A667C6</string>
			</array>
			<key>isa</key>
			<string>PBXGroup</string>
			<key>path</key>
			<string>List</string>
			<key>sourceTree</key>
			<string>&lt;group&gt;</string>
		</dict>
		<key>8BF275DA1CDB524600E1566D</key>
		<dict>
			<key>fileEncoding</key>
			<string>4</string>
			<key>isa</key>
			<string>PBXFileReference</string>
			<key>lastKnownFileType</key>
			<string>sourcecode.swift</string>
			<key>path</key>
			<string>ListTableViewController.swift</string>
			<key>sourceTree</key>
			<string>&lt;group&gt;</string>
		</dict>
		<key>8BF275DB1CDB524600E1566D</key>
		<dict>
			<key>fileEncoding</key>
			<string>4</string>
			<key>isa</key>
			<string>PBXFileReference</string>
			<key>lastKnownFileType</key>
			<string>file.xib</string>
			<key>path</key>
			<string>ListPersonTableViewController.xib</string>
			<key>sourceTree</key>
			<string>&lt;group&gt;</string>
		</dict>
		<key>8BF275DC1CDB524600E1566D</key>
		<dict>
			<key>fileRef</key>
			<string>8BF275DA1CDB524600E1566D</string>
			<key>isa</key>
			<string>PBXBuildFile</string>
		</dict>
		<key>8BF275DD1CDB524600E1566D</key>
		<dict>
			<key>fileRef</key>
			<string>8BF275DB1CDB524600E1566D</string>
			<key>isa</key>
			<string>PBXBuildFile</string>
		</dict>
		<key>8BF337CE1CECAE9E005CB57B</key>
		<dict>
			<key>children</key>
			<array>
				<string>8BF337CF1CECAE9E005CB57B</string>
				<string>8BF337D01CECAE9E005CB57B</string>
			</array>
			<key>isa</key>
			<string>PBXGroup</string>
			<key>path</key>
			<string>UIViewController</string>
			<key>sourceTree</key>
			<string>&lt;group&gt;</string>
		</dict>
		<key>8BF337CF1CECAE9E005CB57B</key>
		<dict>
			<key>fileEncoding</key>
			<string>4</string>
			<key>isa</key>
			<string>PBXFileReference</string>
			<key>lastKnownFileType</key>
			<string>sourcecode.swift</string>
			<key>path</key>
			<string>UIViewController+EZLoading.swift</string>
			<key>sourceTree</key>
			<string>&lt;group&gt;</string>
		</dict>
		<key>8BF337D01CECAE9E005CB57B</key>
		<dict>
			<key>fileEncoding</key>
			<string>4</string>
			<key>isa</key>
			<string>PBXFileReference</string>
			<key>lastKnownFileType</key>
			<string>sourcecode.swift</string>
			<key>path</key>
			<string>UIViewController+handleError.swift</string>
			<key>sourceTree</key>
			<string>&lt;group&gt;</string>
		</dict>
		<key>8BF337D11CECAE9E005CB57B</key>
		<dict>
			<key>fileRef</key>
			<string>8BF337CF1CECAE9E005CB57B</string>
			<key>isa</key>
			<string>PBXBuildFile</string>
		</dict>
		<key>8BF337D21CECAE9E005CB57B</key>
		<dict>
			<key>fileRef</key>
			<string>8BF337D01CECAE9E005CB57B</string>
			<key>isa</key>
			<string>PBXBuildFile</string>
		</dict>
		<key>8BF337D51CECB505005CB57B</key>
		<dict>
			<key>fileEncoding</key>
			<string>4</string>
			<key>isa</key>
			<string>PBXFileReference</string>
			<key>lastKnownFileType</key>
			<string>sourcecode.swift</string>
			<key>path</key>
			<string>ServiceTableViewController.swift</string>
			<key>sourceTree</key>
			<string>&lt;group&gt;</string>
		</dict>
		<key>8BF337D61CECB505005CB57B</key>
		<dict>
			<key>fileEncoding</key>
			<string>4</string>
			<key>isa</key>
			<string>PBXFileReference</string>
			<key>lastKnownFileType</key>
			<string>file.xib</string>
			<key>path</key>
			<string>ServiceTableViewController.xib</string>
			<key>sourceTree</key>
			<string>&lt;group&gt;</string>
		</dict>
		<key>8BF337D71CECB505005CB57B</key>
		<dict>
			<key>fileRef</key>
			<string>8BF337D51CECB505005CB57B</string>
			<key>isa</key>
			<string>PBXBuildFile</string>
		</dict>
		<key>8BF337D81CECB505005CB57B</key>
		<dict>
			<key>fileRef</key>
			<string>8BF337D61CECB505005CB57B</string>
			<key>isa</key>
			<string>PBXBuildFile</string>
		</dict>
		<key>8BF337DB1CECB7A8005CB57B</key>
		<dict>
			<key>fileEncoding</key>
			<string>4</string>
			<key>isa</key>
			<string>PBXFileReference</string>
			<key>lastKnownFileType</key>
			<string>sourcecode.swift</string>
			<key>path</key>
			<string>QuoteTableViewCell.swift</string>
			<key>sourceTree</key>
			<string>&lt;group&gt;</string>
		</dict>
		<key>8BF337DC1CECB7A8005CB57B</key>
		<dict>
			<key>fileEncoding</key>
			<string>4</string>
			<key>isa</key>
			<string>PBXFileReference</string>
			<key>lastKnownFileType</key>
			<string>file.xib</string>
			<key>path</key>
			<string>QuoteTableViewCell.xib</string>
			<key>sourceTree</key>
			<string>&lt;group&gt;</string>
		</dict>
		<key>8BF337DD1CECB7A8005CB57B</key>
		<dict>
			<key>fileRef</key>
			<string>8BF337DB1CECB7A8005CB57B</string>
			<key>isa</key>
			<string>PBXBuildFile</string>
		</dict>
		<key>8BF337DE1CECB7A8005CB57B</key>
		<dict>
			<key>fileRef</key>
			<string>8BF337DC1CECB7A8005CB57B</string>
			<key>isa</key>
			<string>PBXBuildFile</string>
		</dict>
		<key>8BF337DF1CECB7B2005CB57B</key>
		<dict>
			<key>children</key>
			<array>
				<string>8BF337DB1CECB7A8005CB57B</string>
				<string>8BF337DC1CECB7A8005CB57B</string>
			</array>
			<key>isa</key>
			<string>PBXGroup</string>
			<key>path</key>
			<string>Service</string>
			<key>sourceTree</key>
			<string>&lt;group&gt;</string>
		</dict>
		<key>8BF344D81D0978AC007FC518</key>
		<dict>
			<key>fileEncoding</key>
			<string>4</string>
			<key>isa</key>
			<string>PBXFileReference</string>
			<key>lastKnownFileType</key>
			<string>sourcecode.swift</string>
			<key>path</key>
			<string>PersonAttributeContainer.swift</string>
			<key>sourceTree</key>
			<string>&lt;group&gt;</string>
		</dict>
		<key>8BF344D91D0978AC007FC518</key>
		<dict>
			<key>fileRef</key>
			<string>8BF344D81D0978AC007FC518</string>
			<key>isa</key>
			<string>PBXBuildFile</string>
		</dict>
		<key>8BF347631CEB463700241D23</key>
		<dict>
			<key>children</key>
			<array>
				<string>8BF347661CEB496000241D23</string>
				<string>8BF347681CEB4C5700241D23</string>
				<string>8BF3476A1CEB4E5900241D23</string>
				<string>8BF347641CEB465500241D23</string>
			</array>
			<key>isa</key>
			<string>PBXGroup</string>
			<key>path</key>
			<string>States PersonDetailViewController </string>
			<key>sourceTree</key>
			<string>&lt;group&gt;</string>
		</dict>
		<key>8BF347641CEB465500241D23</key>
		<dict>
			<key>fileEncoding</key>
			<string>4</string>
			<key>isa</key>
			<string>PBXFileReference</string>
			<key>lastKnownFileType</key>
			<string>sourcecode.swift</string>
			<key>path</key>
			<string>State.swift</string>
			<key>sourceTree</key>
			<string>&lt;group&gt;</string>
		</dict>
		<key>8BF347651CEB465500241D23</key>
		<dict>
			<key>fileRef</key>
			<string>8BF347641CEB465500241D23</string>
			<key>isa</key>
			<string>PBXBuildFile</string>
		</dict>
		<key>8BF347661CEB496000241D23</key>
		<dict>
			<key>fileEncoding</key>
			<string>4</string>
			<key>isa</key>
			<string>PBXFileReference</string>
			<key>lastKnownFileType</key>
			<string>sourcecode.swift</string>
			<key>path</key>
			<string>BrowsingState.swift</string>
			<key>sourceTree</key>
			<string>&lt;group&gt;</string>
		</dict>
		<key>8BF347671CEB496000241D23</key>
		<dict>
			<key>fileRef</key>
			<string>8BF347661CEB496000241D23</string>
			<key>isa</key>
			<string>PBXBuildFile</string>
		</dict>
		<key>8BF347681CEB4C5700241D23</key>
		<dict>
			<key>fileEncoding</key>
			<string>4</string>
			<key>isa</key>
			<string>PBXFileReference</string>
			<key>lastKnownFileType</key>
			<string>sourcecode.swift</string>
			<key>path</key>
			<string>CreatingState.swift</string>
			<key>sourceTree</key>
			<string>&lt;group&gt;</string>
		</dict>
		<key>8BF347691CEB4C5700241D23</key>
		<dict>
			<key>fileRef</key>
			<string>8BF347681CEB4C5700241D23</string>
			<key>isa</key>
			<string>PBXBuildFile</string>
		</dict>
		<key>8BF3476A1CEB4E5900241D23</key>
		<dict>
			<key>fileEncoding</key>
			<string>4</string>
			<key>isa</key>
			<string>PBXFileReference</string>
			<key>lastKnownFileType</key>
			<string>sourcecode.swift</string>
			<key>path</key>
			<string>EditingState.swift</string>
			<key>sourceTree</key>
			<string>&lt;group&gt;</string>
		</dict>
		<key>8BF3476B1CEB4E5900241D23</key>
		<dict>
			<key>fileRef</key>
			<string>8BF3476A1CEB4E5900241D23</string>
			<key>isa</key>
			<string>PBXBuildFile</string>
		</dict>
		<key>8BF41B321CE43E8900E98285</key>
		<dict>
			<key>fileEncoding</key>
			<string>4</string>
			<key>isa</key>
			<string>PBXFileReference</string>
			<key>lastKnownFileType</key>
			<string>sourcecode.swift</string>
			<key>path</key>
			<string>PersonDetailViewController.swift</string>
			<key>sourceTree</key>
			<string>&lt;group&gt;</string>
		</dict>
		<key>8BF41B331CE43E8900E98285</key>
		<dict>
			<key>fileRef</key>
			<string>8BF41B321CE43E8900E98285</string>
			<key>isa</key>
			<string>PBXBuildFile</string>
		</dict>
		<key>8BF4E3581CEC1226005AE3D5</key>
		<dict>
			<key>fileEncoding</key>
			<string>4</string>
			<key>isa</key>
			<string>PBXFileReference</string>
			<key>lastKnownFileType</key>
			<string>sourcecode.swift</string>
			<key>path</key>
			<string>Array+removeObject.swift</string>
			<key>sourceTree</key>
			<string>&lt;group&gt;</string>
		</dict>
		<key>8BF4E3591CEC1226005AE3D5</key>
		<dict>
			<key>fileRef</key>
			<string>8BF4E3581CEC1226005AE3D5</string>
			<key>isa</key>
			<string>PBXBuildFile</string>
		</dict>
		<key>8BF776A11D085A7A00BBC55C</key>
		<dict>
			<key>children</key>
			<array>
				<string>8BF776A41D085FA400BBC55C</string>
				<string>8BF776A21D085AA900BBC55C</string>
				<string>8BF776A81D08600100BBC55C</string>
				<string>8BF776AA1D08601400BBC55C</string>
				<string>8BF776A61D085FEC00BBC55C</string>
			</array>
			<key>isa</key>
			<string>PBXGroup</string>
			<key>name</key>
			<string>Custom cell factory</string>
			<key>path</key>
			<string>Custom cell factory</string>
			<key>sourceTree</key>
			<string>&lt;group&gt;</string>
		</dict>
		<key>8BF776A21D085AA900BBC55C</key>
		<dict>
			<key>fileEncoding</key>
			<string>4</string>
			<key>isa</key>
			<string>PBXFileReference</string>
			<key>lastKnownFileType</key>
			<string>sourcecode.swift</string>
			<key>path</key>
			<string>CustomCellFactory.swift</string>
			<key>sourceTree</key>
			<string>&lt;group&gt;</string>
		</dict>
		<key>8BF776A31D085AA900BBC55C</key>
		<dict>
			<key>fileRef</key>
			<string>8BF776A21D085AA900BBC55C</string>
			<key>isa</key>
			<string>PBXBuildFile</string>
		</dict>
		<key>8BF776A41D085FA400BBC55C</key>
		<dict>
			<key>fileEncoding</key>
			<string>4</string>
			<key>isa</key>
			<string>PBXFileReference</string>
			<key>lastKnownFileType</key>
			<string>sourcecode.swift</string>
			<key>path</key>
			<string>AbstractFactory.swift</string>
			<key>sourceTree</key>
			<string>&lt;group&gt;</string>
		</dict>
		<key>8BF776A51D085FA400BBC55C</key>
		<dict>
			<key>fileRef</key>
			<string>8BF776A41D085FA400BBC55C</string>
			<key>isa</key>
			<string>PBXBuildFile</string>
		</dict>
		<key>8BF776A61D085FEC00BBC55C</key>
		<dict>
			<key>fileEncoding</key>
			<string>4</string>
			<key>isa</key>
			<string>PBXFileReference</string>
			<key>lastKnownFileType</key>
			<string>sourcecode.swift</string>
			<key>path</key>
			<string>SimpleTextFieldCellFactory.swift</string>
			<key>sourceTree</key>
			<string>&lt;group&gt;</string>
		</dict>
		<key>8BF776A71D085FEC00BBC55C</key>
		<dict>
			<key>fileRef</key>
			<string>8BF776A61D085FEC00BBC55C</string>
			<key>isa</key>
			<string>PBXBuildFile</string>
		</dict>
		<key>8BF776A81D08600100BBC55C</key>
		<dict>
			<key>fileEncoding</key>
			<string>4</string>
			<key>isa</key>
			<string>PBXFileReference</string>
			<key>lastKnownFileType</key>
			<string>sourcecode.swift</string>
			<key>path</key>
			<string>DateInputViewCellFactory.swift</string>
			<key>sourceTree</key>
			<string>&lt;group&gt;</string>
		</dict>
		<key>8BF776A91D08600100BBC55C</key>
		<dict>
			<key>fileRef</key>
			<string>8BF776A81D08600100BBC55C</string>
			<key>isa</key>
			<string>PBXBuildFile</string>
		</dict>
		<key>8BF776AA1D08601400BBC55C</key>
		<dict>
			<key>fileEncoding</key>
			<string>4</string>
			<key>isa</key>
			<string>PBXFileReference</string>
			<key>lastKnownFileType</key>
			<string>sourcecode.swift</string>
			<key>path</key>
			<string>PickerInputViewCellFactory.swift</string>
			<key>sourceTree</key>
			<string>&lt;group&gt;</string>
		</dict>
		<key>8BF776AB1D08601400BBC55C</key>
		<dict>
			<key>fileRef</key>
			<string>8BF776AA1D08601400BBC55C</string>
			<key>isa</key>
			<string>PBXBuildFile</string>
		</dict>
		<key>8BF7FFDE1CE58B4E0002C5F1</key>
		<dict>
			<key>fileEncoding</key>
			<string>4</string>
			<key>isa</key>
			<string>PBXFileReference</string>
			<key>lastKnownFileType</key>
			<string>sourcecode.swift</string>
			<key>path</key>
			<string>DateInputViewCell.swift</string>
			<key>sourceTree</key>
			<string>&lt;group&gt;</string>
		</dict>
		<key>8BF7FFDF1CE58B4E0002C5F1</key>
		<dict>
			<key>fileRef</key>
			<string>8BF7FFDE1CE58B4E0002C5F1</string>
			<key>isa</key>
			<string>PBXBuildFile</string>
		</dict>
		<key>8BF7FFE01CE5C9930002C5F1</key>
		<dict>
			<key>fileEncoding</key>
			<string>4</string>
			<key>isa</key>
			<string>PBXFileReference</string>
			<key>lastKnownFileType</key>
			<string>sourcecode.swift</string>
			<key>path</key>
			<string>PickerInputViewCell.swift</string>
			<key>sourceTree</key>
			<string>&lt;group&gt;</string>
		</dict>
		<key>8BF7FFE11CE5C9930002C5F1</key>
		<dict>
			<key>fileRef</key>
			<string>8BF7FFE01CE5C9930002C5F1</string>
			<key>isa</key>
			<string>PBXBuildFile</string>
		</dict>
		<key>8BFF16021CE3780700F200CF</key>
		<dict>
			<key>fileEncoding</key>
			<string>4</string>
			<key>isa</key>
			<string>PBXFileReference</string>
			<key>lastKnownFileType</key>
			<string>sourcecode.swift</string>
			<key>path</key>
			<string>Constants.swift</string>
			<key>sourceTree</key>
			<string>&lt;group&gt;</string>
		</dict>
		<key>8BFF16031CE3780700F200CF</key>
		<dict>
			<key>fileRef</key>
			<string>8BFF16021CE3780700F200CF</string>
			<key>isa</key>
			<string>PBXBuildFile</string>
		</dict>
		<key>BC5B598671519CB867635975</key>
		<dict>
			<key>explicitFileType</key>
			<string>wrapper.framework</string>
			<key>includeInIndex</key>
			<string>0</string>
			<key>isa</key>
			<string>PBXFileReference</string>
			<key>path</key>
			<string>Pods_TestApplication.framework</string>
			<key>sourceTree</key>
			<string>BUILT_PRODUCTS_DIR</string>
		</dict>
		<key>BD5432C808E39929914DB593</key>
		<dict>
			<key>children</key>
			<array>
				<string>BC5B598671519CB867635975</string>
			</array>
			<key>isa</key>
			<string>PBXGroup</string>
			<key>name</key>
			<string>Frameworks</string>
			<key>sourceTree</key>
			<string>&lt;group&gt;</string>
		</dict>
		<key>D49CC5C01F6F22E6EB15A556</key>
		<dict>
			<key>children</key>
			<array>
				<string>ED4B9E7C9BCE517ECFE4DD92</string>
				<string>86638BE5E2AACD143001D5C4</string>
			</array>
			<key>isa</key>
			<string>PBXGroup</string>
			<key>name</key>
			<string>Pods</string>
			<key>sourceTree</key>
			<string>&lt;group&gt;</string>
		</dict>
		<key>ED4B9E7C9BCE517ECFE4DD92</key>
		<dict>
			<key>includeInIndex</key>
			<string>1</string>
			<key>isa</key>
			<string>PBXFileReference</string>
			<key>lastKnownFileType</key>
			<string>text.xcconfig</string>
			<key>name</key>
			<string>Pods-TestApplication.debug.xcconfig</string>
			<key>path</key>
			<string>Pods/Target Support Files/Pods-TestApplication/Pods-TestApplication.debug.xcconfig</string>
			<key>sourceTree</key>
			<string>&lt;group&gt;</string>
		</dict>
	</dict>
	<key>rootObject</key>
	<string>8B7DCCC91CDB2A4A008AEDF6</string>
</dict>
</plist>
